
Microsoft Visual Studio Solution File, Format Version 12.00
# Visual Studio 15
VisualStudioVersion = 15.0.26430.16
MinimumVisualStudioVersion = 10.0.40219.1
Project("{9A19103F-16F7-4668-BE54-9A1E7A4F7556}") = "SoftUniInjector", "SoftUniInjector\SoftUniInjector.csproj", "{8CA7E6E6-CFF3-491D-97B9-AC9650B58DA4}"
EndProject
Project("{FAE04EC0-301F-11D3-BF4B-00C04F79EFBC}") = "MyInjection", "MyInjection\MyInjection.csproj", "{A9C9CD37-AA6B-49BE-821C-38602407D0F5}"
EndProject
Global
	GlobalSection(SolutionConfigurationPlatforms) = preSolution
		Debug|Any CPU = Debug|Any CPU
		Release|Any CPU = Release|Any CPU
	EndGlobalSection
	GlobalSection(ProjectConfigurationPlatforms) = postSolution
		{8CA7E6E6-CFF3-491D-97B9-AC9650B58DA4}.Debug|Any CPU.ActiveCfg = Debug|Any CPU
		{8CA7E6E6-CFF3-491D-97B9-AC9650B58DA4}.Debug|Any CPU.Build.0 = Debug|Any CPU
		{8CA7E6E6-CFF3-491D-97B9-AC9650B58DA4}.Release|Any CPU.ActiveCfg = Release|Any CPU
		{8CA7E6E6-CFF3-491D-97B9-AC9650B58DA4}.Release|Any CPU.Build.0 = Release|Any CPU
		{A9C9CD37-AA6B-49BE-821C-38602407D0F5}.Debug|Any CPU.ActiveCfg = Debug|Any CPU
		{A9C9CD37-AA6B-49BE-821C-38602407D0F5}.Debug|Any CPU.Build.0 = Debug|Any CPU
		{A9C9CD37-AA6B-49BE-821C-38602407D0F5}.Release|Any CPU.ActiveCfg = Release|Any CPU
		{A9C9CD37-AA6B-49BE-821C-38602407D0F5}.Release|Any CPU.Build.0 = Release|Any CPU
	EndGlobalSection
	GlobalSection(SolutionProperties) = preSolution
		HideSolutionNode = FALSE
	EndGlobalSection
EndGlobal
