
Microsoft Visual Studio Solution File, Format Version 12.00
# Visual Studio 15
VisualStudioVersion = 15.0.26430.16
MinimumVisualStudioVersion = 10.0.40219.1
Project("{FAE04EC0-301F-11D3-BF4B-00C04F79EFBC}") = "IteratorsAndComparatorsLab", "IteratorsAndComparators\IteratorsAndComparatorsLab.csproj", "{5505110E-58BB-45E6-BC94-A8D105A4CBBB}"
EndProject
Project("{FAE04EC0-301F-11D3-BF4B-00C04F79EFBC}") = "ListyIterator", "ListyIterator\ListyIterator.csproj", "{9F2A10C6-DF72-42F8-BAA6-49503CDC91E0}"
EndProject
Project("{FAE04EC0-301F-11D3-BF4B-00C04F79EFBC}") = "Stack", "Stack\Stack.csproj", "{27A4C69B-0D2F-4FBB-B24B-0785858F0DC7}"
EndProject
Project("{FAE04EC0-301F-11D3-BF4B-00C04F79EFBC}") = "Frogyy", "Frogyy\Frogyy.csproj", "{252DC4CA-31C9-4054-9C4A-D953E949BB04}"
EndProject
Project("{FAE04EC0-301F-11D3-BF4B-00C04F79EFBC}") = "ComparingObjects", "ComparingObjects\ComparingObjects.csproj", "{F9088B61-AF9A-4168-AAA5-FE0982B4AFE5}"
EndProject
Project("{FAE04EC0-301F-11D3-BF4B-00C04F79EFBC}") = "StrategyPattern", "StrategyPattern\StrategyPattern.csproj", "{2FDEBEC5-55BB-49CA-9A73-A5A33BD36592}"
EndProject
Project("{FAE04EC0-301F-11D3-BF4B-00C04F79EFBC}") = "EquilityLogic", "EquilityLogic\EquilityLogic.csproj", "{A89212EB-0D0C-420F-B5D6-8015D0A49243}"
EndProject
Project("{FAE04EC0-301F-11D3-BF4B-00C04F79EFBC}") = "PetClinic", "PetClinic\PetClinic.csproj", "{0712C14B-315E-4A15-AFE0-C0A2DB431F30}"
EndProject
Project("{FAE04EC0-301F-11D3-BF4B-00C04F79EFBC}") = "LinkedListTraversal", "LinkedListTraversal\LinkedListTraversal.csproj", "{06996E9A-FD52-4CA1-BC3C-F30AB76A5473}"
EndProject
Project("{FAE04EC0-301F-11D3-BF4B-00C04F79EFBC}") = "PetClinicAuthorD", "PetClinicAuthorD\PetClinicAuthorD.csproj", "{36EC7345-DEE6-4B2B-B102-5854E7EB3AD7}"
EndProject
Global
	GlobalSection(SolutionConfigurationPlatforms) = preSolution
		Debug|Any CPU = Debug|Any CPU
		Release|Any CPU = Release|Any CPU
	EndGlobalSection
	GlobalSection(ProjectConfigurationPlatforms) = postSolution
		{5505110E-58BB-45E6-BC94-A8D105A4CBBB}.Debug|Any CPU.ActiveCfg = Debug|Any CPU
		{5505110E-58BB-45E6-BC94-A8D105A4CBBB}.Debug|Any CPU.Build.0 = Debug|Any CPU
		{5505110E-58BB-45E6-BC94-A8D105A4CBBB}.Release|Any CPU.ActiveCfg = Release|Any CPU
		{5505110E-58BB-45E6-BC94-A8D105A4CBBB}.Release|Any CPU.Build.0 = Release|Any CPU
		{9F2A10C6-DF72-42F8-BAA6-49503CDC91E0}.Debug|Any CPU.ActiveCfg = Debug|Any CPU
		{9F2A10C6-DF72-42F8-BAA6-49503CDC91E0}.Debug|Any CPU.Build.0 = Debug|Any CPU
		{9F2A10C6-DF72-42F8-BAA6-49503CDC91E0}.Release|Any CPU.ActiveCfg = Release|Any CPU
		{9F2A10C6-DF72-42F8-BAA6-49503CDC91E0}.Release|Any CPU.Build.0 = Release|Any CPU
		{27A4C69B-0D2F-4FBB-B24B-0785858F0DC7}.Debug|Any CPU.ActiveCfg = Debug|Any CPU
		{27A4C69B-0D2F-4FBB-B24B-0785858F0DC7}.Debug|Any CPU.Build.0 = Debug|Any CPU
		{27A4C69B-0D2F-4FBB-B24B-0785858F0DC7}.Release|Any CPU.ActiveCfg = Release|Any CPU
		{27A4C69B-0D2F-4FBB-B24B-0785858F0DC7}.Release|Any CPU.Build.0 = Release|Any CPU
		{252DC4CA-31C9-4054-9C4A-D953E949BB04}.Debug|Any CPU.ActiveCfg = Debug|Any CPU
		{252DC4CA-31C9-4054-9C4A-D953E949BB04}.Debug|Any CPU.Build.0 = Debug|Any CPU
		{252DC4CA-31C9-4054-9C4A-D953E949BB04}.Release|Any CPU.ActiveCfg = Release|Any CPU
		{252DC4CA-31C9-4054-9C4A-D953E949BB04}.Release|Any CPU.Build.0 = Release|Any CPU
		{F9088B61-AF9A-4168-AAA5-FE0982B4AFE5}.Debug|Any CPU.ActiveCfg = Debug|Any CPU
		{F9088B61-AF9A-4168-AAA5-FE0982B4AFE5}.Debug|Any CPU.Build.0 = Debug|Any CPU
		{F9088B61-AF9A-4168-AAA5-FE0982B4AFE5}.Release|Any CPU.ActiveCfg = Release|Any CPU
		{F9088B61-AF9A-4168-AAA5-FE0982B4AFE5}.Release|Any CPU.Build.0 = Release|Any CPU
		{2FDEBEC5-55BB-49CA-9A73-A5A33BD36592}.Debug|Any CPU.ActiveCfg = Debug|Any CPU
		{2FDEBEC5-55BB-49CA-9A73-A5A33BD36592}.Debug|Any CPU.Build.0 = Debug|Any CPU
		{2FDEBEC5-55BB-49CA-9A73-A5A33BD36592}.Release|Any CPU.ActiveCfg = Release|Any CPU
		{2FDEBEC5-55BB-49CA-9A73-A5A33BD36592}.Release|Any CPU.Build.0 = Release|Any CPU
		{A89212EB-0D0C-420F-B5D6-8015D0A49243}.Debug|Any CPU.ActiveCfg = Debug|Any CPU
		{A89212EB-0D0C-420F-B5D6-8015D0A49243}.Debug|Any CPU.Build.0 = Debug|Any CPU
		{A89212EB-0D0C-420F-B5D6-8015D0A49243}.Release|Any CPU.ActiveCfg = Release|Any CPU
		{A89212EB-0D0C-420F-B5D6-8015D0A49243}.Release|Any CPU.Build.0 = Release|Any CPU
		{0712C14B-315E-4A15-AFE0-C0A2DB431F30}.Debug|Any CPU.ActiveCfg = Debug|Any CPU
		{0712C14B-315E-4A15-AFE0-C0A2DB431F30}.Debug|Any CPU.Build.0 = Debug|Any CPU
		{0712C14B-315E-4A15-AFE0-C0A2DB431F30}.Release|Any CPU.ActiveCfg = Release|Any CPU
		{0712C14B-315E-4A15-AFE0-C0A2DB431F30}.Release|Any CPU.Build.0 = Release|Any CPU
		{06996E9A-FD52-4CA1-BC3C-F30AB76A5473}.Debug|Any CPU.ActiveCfg = Debug|Any CPU
		{06996E9A-FD52-4CA1-BC3C-F30AB76A5473}.Debug|Any CPU.Build.0 = Debug|Any CPU
		{06996E9A-FD52-4CA1-BC3C-F30AB76A5473}.Release|Any CPU.ActiveCfg = Release|Any CPU
		{06996E9A-FD52-4CA1-BC3C-F30AB76A5473}.Release|Any CPU.Build.0 = Release|Any CPU
		{36EC7345-DEE6-4B2B-B102-5854E7EB3AD7}.Debug|Any CPU.ActiveCfg = Debug|Any CPU
		{36EC7345-DEE6-4B2B-B102-5854E7EB3AD7}.Debug|Any CPU.Build.0 = Debug|Any CPU
		{36EC7345-DEE6-4B2B-B102-5854E7EB3AD7}.Release|Any CPU.ActiveCfg = Release|Any CPU
		{36EC7345-DEE6-4B2B-B102-5854E7EB3AD7}.Release|Any CPU.Build.0 = Release|Any CPU
	EndGlobalSection
	GlobalSection(SolutionProperties) = preSolution
		HideSolutionNode = FALSE
	EndGlobalSection
EndGlobal
