
Microsoft Visual Studio Solution File, Format Version 12.00
# Visual Studio 15
VisualStudioVersion = 15.0.26430.16
MinimumVisualStudioVersion = 10.0.40219.1
Project("{FAE04EC0-301F-11D3-BF4B-00C04F79EFBC}") = "EventLab", "EventLab\EventLab.csproj", "{BC6CF802-3E2A-48AB-83A2-8A967D639C2C}"
EndProject
Project("{FAE04EC0-301F-11D3-BF4B-00C04F79EFBC}") = "EventImplementation", "EventImplementation\EventImplementation.csproj", "{EEE362B4-FB77-4A83-BA06-58BAE86B7657}"
EndProject
Project("{FAE04EC0-301F-11D3-BF4B-00C04F79EFBC}") = "KingsGambit", "KingsGambit\KingsGambit.csproj", "{D51C8DF3-38C7-4445-A2DA-37086490616C}"
EndProject
Project("{FAE04EC0-301F-11D3-BF4B-00C04F79EFBC}") = "DependencyInversion", "DependencyInversion\DependencyInversion.csproj", "{C06C0EAF-3ACF-460B-8669-2AF12AB67CB7}"
EndProject
Project("{FAE04EC0-301F-11D3-BF4B-00C04F79EFBC}") = "WorkForce", "WorkForce\WorkForce.csproj", "{24B7D77F-AC8F-4B95-BCC4-FD954440986A}"
EndProject
Global
	GlobalSection(SolutionConfigurationPlatforms) = preSolution
		Debug|Any CPU = Debug|Any CPU
		Release|Any CPU = Release|Any CPU
	EndGlobalSection
	GlobalSection(ProjectConfigurationPlatforms) = postSolution
		{BC6CF802-3E2A-48AB-83A2-8A967D639C2C}.Debug|Any CPU.ActiveCfg = Debug|Any CPU
		{BC6CF802-3E2A-48AB-83A2-8A967D639C2C}.Debug|Any CPU.Build.0 = Debug|Any CPU
		{BC6CF802-3E2A-48AB-83A2-8A967D639C2C}.Release|Any CPU.ActiveCfg = Release|Any CPU
		{BC6CF802-3E2A-48AB-83A2-8A967D639C2C}.Release|Any CPU.Build.0 = Release|Any CPU
		{EEE362B4-FB77-4A83-BA06-58BAE86B7657}.Debug|Any CPU.ActiveCfg = Debug|Any CPU
		{EEE362B4-FB77-4A83-BA06-58BAE86B7657}.Debug|Any CPU.Build.0 = Debug|Any CPU
		{EEE362B4-FB77-4A83-BA06-58BAE86B7657}.Release|Any CPU.ActiveCfg = Release|Any CPU
		{EEE362B4-FB77-4A83-BA06-58BAE86B7657}.Release|Any CPU.Build.0 = Release|Any CPU
		{D51C8DF3-38C7-4445-A2DA-37086490616C}.Debug|Any CPU.ActiveCfg = Debug|Any CPU
		{D51C8DF3-38C7-4445-A2DA-37086490616C}.Debug|Any CPU.Build.0 = Debug|Any CPU
		{D51C8DF3-38C7-4445-A2DA-37086490616C}.Release|Any CPU.ActiveCfg = Release|Any CPU
		{D51C8DF3-38C7-4445-A2DA-37086490616C}.Release|Any CPU.Build.0 = Release|Any CPU
		{C06C0EAF-3ACF-460B-8669-2AF12AB67CB7}.Debug|Any CPU.ActiveCfg = Debug|Any CPU
		{C06C0EAF-3ACF-460B-8669-2AF12AB67CB7}.Debug|Any CPU.Build.0 = Debug|Any CPU
		{C06C0EAF-3ACF-460B-8669-2AF12AB67CB7}.Release|Any CPU.ActiveCfg = Release|Any CPU
		{C06C0EAF-3ACF-460B-8669-2AF12AB67CB7}.Release|Any CPU.Build.0 = Release|Any CPU
		{24B7D77F-AC8F-4B95-BCC4-FD954440986A}.Debug|Any CPU.ActiveCfg = Debug|Any CPU
		{24B7D77F-AC8F-4B95-BCC4-FD954440986A}.Debug|Any CPU.Build.0 = Debug|Any CPU
		{24B7D77F-AC8F-4B95-BCC4-FD954440986A}.Release|Any CPU.ActiveCfg = Release|Any CPU
		{24B7D77F-AC8F-4B95-BCC4-FD954440986A}.Release|Any CPU.Build.0 = Release|Any CPU
	EndGlobalSection
	GlobalSection(SolutionProperties) = preSolution
		HideSolutionNode = FALSE
	EndGlobalSection
EndGlobal
